{
  "name": "tools-participant",
  "version": "1.0.0",
  "lockfileVersion": 3,
  "requires": true,
  "packages": {
    "": {
      "name": "tools-participant",
      "version": "1.0.0",
      "dependencies": {
        "@vscode/prompt-tsx": "^0.3.0-alpha.21"
      }
    },
    "node_modules/@vscode/prompt-tsx": {
      "version": "0.3.0-alpha.21",
      "resolved": "https://registry.npmjs.org/@vscode/prompt-tsx/-/prompt-tsx-0.3.0-alpha.21.tgz",
      "integrity": "sha512-x5CDufsqQXuKoSUjCHVKWnQB8w271fpkNowhaKsH8nsiiZ3pzN8nzNprYESe1sESr5lGcmsPIEk+iaQqxG8kyg==",
      "license": "MIT"
    }
  }
}
